{
  "name": "hello-vssh-app-node",
  "version": "4.0.0",
  "lockfileVersion": 3,
  "requires": true,
  "packages": {
    "": {
      "name": "hello-vssh-app-node",
      "version": "4.0.0",
      "license": "MIT",
      "dependencies": {
        "vssh-app-toolkit": "github:colabhd/vssh-app-toolkit#v4"
      },
      "engines": {
        "node": ">=20"
      }
    },
    "node_modules/vssh-app-toolkit": {
      "version": "4.8.0",
      "resolved": "git+ssh://git@github.com/colabhd/vssh-app-toolkit.git#1d78c24b75c44c69f4bb1e8bf8907e21835df351",
      "license": "MIT",
      "engines": {
        "node": ">=22"
      }
    }
  }
}
