{
  "name": "hello-vssh-app-node",
  "version": "4.0.0",
  "lockfileVersion": 3,
  "requires": true,
  "packages": {
    "": {
      "name": "hello-vssh-app-node",
      "version": "4.0.0",
      "license": "MIT",
      "dependencies": {
        "vssh-app-toolkit": "github:colabhd/vssh-app-toolkit#v4"
      },
      "engines": {
        "node": ">=20"
      }
    },
    "node_modules/vssh-app-toolkit": {
      "version": "4.12.0",
      "resolved": "git+ssh://git@github.com/colabhd/vssh-app-toolkit.git#cd08ef7fbdc845a6e71e60afcd3f1d616b63b1a9",
      "license": "MIT",
      "engines": {
        "node": ">=22"
      }
    }
  }
}
